
Microsoft Visual Studio Solution File, Format Version 12.00
# Visual Studio 2013
VisualStudioVersion = 12.0.31101.0
MinimumVisualStudioVersion = 10.0.40219.1
Project("{FAE04EC0-301F-11D3-BF4B-00C04F79EFBC}") = "Test.Caching", "Test.asp\Test.Caching.csproj", "{2B46AB71-21AE-4524-BBD2-6AAC20A2FDE5}"
EndProject
Project("{FAE04EC0-301F-11D3-BF4B-00C04F79EFBC}") = "ResourceModels", "ResourceModels\ResourceModels.csproj", "{8303AC01-07AD-4255-B164-E26C93F35767}"
EndProject
Project("{FAE04EC0-301F-11D3-BF4B-00C04F79EFBC}") = "WEB", "WEB\WEB.csproj", "{78E35777-6261-4152-B792-495A3C74BC7F}"
EndProject
Project("{2150E333-8FDC-42A3-9474-1A3956D46DE8}") = "Solution Items", "Solution Items", "{AFE7F30E-4374-4C31-8AF5-144A2236FBC7}"
	ProjectSection(SolutionItems) = preProject
		lib\Microsoft.ApplicationServer.Caching.Client.dll = lib\Microsoft.ApplicationServer.Caching.Client.dll
		lib\Microsoft.ApplicationServer.Caching.Core.dll = lib\Microsoft.ApplicationServer.Caching.Core.dll
	EndProjectSection
EndProject
Project("{FAE04EC0-301F-11D3-BF4B-00C04F79EFBC}") = "Tests", "Tests\Tests.csproj", "{B406DD45-8C23-4561-896E-092A9E5F62CD}"
EndProject
Project("{FAE04EC0-301F-11D3-BF4B-00C04F79EFBC}") = "APP", "APP\APP.csproj", "{5C1DD914-4798-4A50-8F1D-4BB5EA59BE28}"
EndProject
Project("{FAE04EC0-301F-11D3-BF4B-00C04F79EFBC}") = "BusinessLogic", "BusinessLogic\BusinessLogic.csproj", "{386CF904-692B-4880-8E55-4B8CD7DB0368}"
EndProject
Project("{FAE04EC0-301F-11D3-BF4B-00C04F79EFBC}") = "Rules", "Rules\Rules.csproj", "{4FBF8FF3-6CFE-4A4C-AF60-9EF11BE5FBDE}"
EndProject
Project("{FAE04EC0-301F-11D3-BF4B-00C04F79EFBC}") = "Data", "Data\Data.csproj", "{F91C89EC-DA8D-4E31-B7D9-94F3DC1362A2}"
EndProject
Global
	GlobalSection(SolutionConfigurationPlatforms) = preSolution
		Debug|Any CPU = Debug|Any CPU
		Release|Any CPU = Release|Any CPU
	EndGlobalSection
	GlobalSection(ProjectConfigurationPlatforms) = postSolution
		{2B46AB71-21AE-4524-BBD2-6AAC20A2FDE5}.Debug|Any CPU.ActiveCfg = Debug|Any CPU
		{2B46AB71-21AE-4524-BBD2-6AAC20A2FDE5}.Debug|Any CPU.Build.0 = Debug|Any CPU
		{2B46AB71-21AE-4524-BBD2-6AAC20A2FDE5}.Release|Any CPU.ActiveCfg = Release|Any CPU
		{2B46AB71-21AE-4524-BBD2-6AAC20A2FDE5}.Release|Any CPU.Build.0 = Release|Any CPU
		{8303AC01-07AD-4255-B164-E26C93F35767}.Debug|Any CPU.ActiveCfg = Debug|Any CPU
		{8303AC01-07AD-4255-B164-E26C93F35767}.Debug|Any CPU.Build.0 = Debug|Any CPU
		{8303AC01-07AD-4255-B164-E26C93F35767}.Release|Any CPU.ActiveCfg = Release|Any CPU
		{8303AC01-07AD-4255-B164-E26C93F35767}.Release|Any CPU.Build.0 = Release|Any CPU
		{78E35777-6261-4152-B792-495A3C74BC7F}.Debug|Any CPU.ActiveCfg = Debug|Any CPU
		{78E35777-6261-4152-B792-495A3C74BC7F}.Debug|Any CPU.Build.0 = Debug|Any CPU
		{78E35777-6261-4152-B792-495A3C74BC7F}.Release|Any CPU.ActiveCfg = Release|Any CPU
		{78E35777-6261-4152-B792-495A3C74BC7F}.Release|Any CPU.Build.0 = Release|Any CPU
		{B406DD45-8C23-4561-896E-092A9E5F62CD}.Debug|Any CPU.ActiveCfg = Debug|Any CPU
		{B406DD45-8C23-4561-896E-092A9E5F62CD}.Debug|Any CPU.Build.0 = Debug|Any CPU
		{B406DD45-8C23-4561-896E-092A9E5F62CD}.Release|Any CPU.ActiveCfg = Release|Any CPU
		{B406DD45-8C23-4561-896E-092A9E5F62CD}.Release|Any CPU.Build.0 = Release|Any CPU
		{5C1DD914-4798-4A50-8F1D-4BB5EA59BE28}.Debug|Any CPU.ActiveCfg = Debug|Any CPU
		{5C1DD914-4798-4A50-8F1D-4BB5EA59BE28}.Debug|Any CPU.Build.0 = Debug|Any CPU
		{5C1DD914-4798-4A50-8F1D-4BB5EA59BE28}.Release|Any CPU.ActiveCfg = Release|Any CPU
		{5C1DD914-4798-4A50-8F1D-4BB5EA59BE28}.Release|Any CPU.Build.0 = Release|Any CPU
		{386CF904-692B-4880-8E55-4B8CD7DB0368}.Debug|Any CPU.ActiveCfg = Debug|Any CPU
		{386CF904-692B-4880-8E55-4B8CD7DB0368}.Debug|Any CPU.Build.0 = Debug|Any CPU
		{386CF904-692B-4880-8E55-4B8CD7DB0368}.Release|Any CPU.ActiveCfg = Release|Any CPU
		{386CF904-692B-4880-8E55-4B8CD7DB0368}.Release|Any CPU.Build.0 = Release|Any CPU
		{4FBF8FF3-6CFE-4A4C-AF60-9EF11BE5FBDE}.Debug|Any CPU.ActiveCfg = Debug|Any CPU
		{4FBF8FF3-6CFE-4A4C-AF60-9EF11BE5FBDE}.Debug|Any CPU.Build.0 = Debug|Any CPU
		{4FBF8FF3-6CFE-4A4C-AF60-9EF11BE5FBDE}.Release|Any CPU.ActiveCfg = Release|Any CPU
		{4FBF8FF3-6CFE-4A4C-AF60-9EF11BE5FBDE}.Release|Any CPU.Build.0 = Release|Any CPU
		{F91C89EC-DA8D-4E31-B7D9-94F3DC1362A2}.Debug|Any CPU.ActiveCfg = Debug|Any CPU
		{F91C89EC-DA8D-4E31-B7D9-94F3DC1362A2}.Debug|Any CPU.Build.0 = Debug|Any CPU
		{F91C89EC-DA8D-4E31-B7D9-94F3DC1362A2}.Release|Any CPU.ActiveCfg = Release|Any CPU
		{F91C89EC-DA8D-4E31-B7D9-94F3DC1362A2}.Release|Any CPU.Build.0 = Release|Any CPU
	EndGlobalSection
	GlobalSection(SolutionProperties) = preSolution
		HideSolutionNode = FALSE
	EndGlobalSection
EndGlobal
